
Microsoft Visual Studio Solution File, Format Version 12.00
# Visual Studio Version 16
VisualStudioVersion = 16.0.28407.52
MinimumVisualStudioVersion = 10.0.40219.1
Project("{FAE04EC0-301F-11D3-BF4B-00C04F79EFBC}") = "Aop.Profiler.SerilogBatchProcessor", "Aop.Profiler.SerilogBatchProcessor\Aop.Profiler.SerilogBatchProcessor.csproj", "{CC3BEFB6-97AA-43FA-A632-EEB846EEB91E}"
EndProject
Global
	GlobalSection(SolutionConfigurationPlatforms) = preSolution
		Debug|Any CPU = Debug|Any CPU
		Release|Any CPU = Release|Any CPU
	EndGlobalSection
	GlobalSection(ProjectConfigurationPlatforms) = postSolution
		{CC3BEFB6-97AA-43FA-A632-EEB846EEB91E}.Debug|Any CPU.ActiveCfg = Debug|Any CPU
		{CC3BEFB6-97AA-43FA-A632-EEB846EEB91E}.Debug|Any CPU.Build.0 = Debug|Any CPU
		{CC3BEFB6-97AA-43FA-A632-EEB846EEB91E}.Release|Any CPU.ActiveCfg = Release|Any CPU
		{CC3BEFB6-97AA-43FA-A632-EEB846EEB91E}.Release|Any CPU.Build.0 = Release|Any CPU
	EndGlobalSection
	GlobalSection(SolutionProperties) = preSolution
		HideSolutionNode = FALSE
	EndGlobalSection
	GlobalSection(ExtensibilityGlobals) = postSolution
		SolutionGuid = {A25229F8-EAF2-417A-BB42-09214B5BB4B8}
	EndGlobalSection
EndGlobal
